
Microsoft Visual Studio Solution File, Format Version 12.00
# Visual Studio Version 17
VisualStudioVersion = 17.14.36518.9 d17.14
MinimumVisualStudioVersion = 10.0.40219.1
Project("{FAE04EC0-301F-11D3-BF4B-00C04F79EFBC}") = "CenaDeFilosofos", "CenaDeFilosofos.csproj", "{0560A67F-7EA4-46A1-BB60-83E4095BEECD}"
EndProject
Global
	GlobalSection(SolutionConfigurationPlatforms) = preSolution
		Debug|Any CPU = Debug|Any CPU
		Release|Any CPU = Release|Any CPU
	EndGlobalSection
	GlobalSection(ProjectConfigurationPlatforms) = postSolution
		{0560A67F-7EA4-46A1-BB60-83E4095BEECD}.Debug|Any CPU.ActiveCfg = Debug|Any CPU
		{0560A67F-7EA4-46A1-BB60-83E4095BEECD}.Debug|Any CPU.Build.0 = Debug|Any CPU
		{0560A67F-7EA4-46A1-BB60-83E4095BEECD}.Release|Any CPU.ActiveCfg = Release|Any CPU
		{0560A67F-7EA4-46A1-BB60-83E4095BEECD}.Release|Any CPU.Build.0 = Release|Any CPU
	EndGlobalSection
	GlobalSection(SolutionProperties) = preSolution
		HideSolutionNode = FALSE
	EndGlobalSection
	GlobalSection(ExtensibilityGlobals) = postSolution
		SolutionGuid = {A3DC79F7-F5F7-49A4-8BAC-64934AD1151A}
	EndGlobalSection
EndGlobal
